
Microsoft Visual Studio Solution File, Format Version 12.00
# Visual Studio Version 16
VisualStudioVersion = 16.0.30907.101
MinimumVisualStudioVersion = 10.0.40219.1
Project("{9A19103F-16F7-4668-BE54-9A1E7A4F7556}") = "Hell Dungeon RPG", "Hell Dungeon RPG\Hell Dungeon RPG.csproj", "{0F98C078-8285-4DAD-839A-87079D37358A}"
EndProject
Global
	GlobalSection(SolutionConfigurationPlatforms) = preSolution
		Debug|Any CPU = Debug|Any CPU
		Release|Any CPU = Release|Any CPU
	EndGlobalSection
	GlobalSection(ProjectConfigurationPlatforms) = postSolution
		{0F98C078-8285-4DAD-839A-87079D37358A}.Debug|Any CPU.ActiveCfg = Debug|Any CPU
		{0F98C078-8285-4DAD-839A-87079D37358A}.Debug|Any CPU.Build.0 = Debug|Any CPU
		{0F98C078-8285-4DAD-839A-87079D37358A}.Release|Any CPU.ActiveCfg = Release|Any CPU
		{0F98C078-8285-4DAD-839A-87079D37358A}.Release|Any CPU.Build.0 = Release|Any CPU
	EndGlobalSection
	GlobalSection(SolutionProperties) = preSolution
		HideSolutionNode = FALSE
	EndGlobalSection
	GlobalSection(ExtensibilityGlobals) = postSolution
		SolutionGuid = {7FA7B7C6-461E-4379-9A91-7D90D7BF49DE}
	EndGlobalSection
EndGlobal
